// !$*UTF8*$!
{
	archiveVersion = 1;
	classes = {
	};
	objectVersion = 46;
	objects = {

/* Begin PBXBuildFile section */
		970E569E1E0BD760008012F3 /* AppDelegate.swift in Sources */ = {isa = PBXBuildFile; fileRef = 970E569D1E0BD760008012F3 /* AppDelegate.swift */; };
		970E56A11E0BD760008012F3 /* Play1.xcdatamodeld in Sources */ = {isa = PBXBuildFile; fileRef = 970E569F1E0BD760008012F3 /* Play1.xcdatamodeld */; };
		970E56A31E0BD760008012F3 /* MasterViewController.swift in Sources */ = {isa = PBXBuildFile; fileRef = 970E56A21E0BD760008012F3 /* MasterViewController.swift */; };
		970E56A51E0BD760008012F3 /* DetailViewController.swift in Sources */ = {isa = PBXBuildFile; fileRef = 970E56A41E0BD760008012F3 /* DetailViewController.swift */; };
		970E56A81E0BD761008012F3 /* Main.storyboard in Resources */ = {isa = PBXBuildFile; fileRef = 970E56A61E0BD761008012F3 /* Main.storyboard */; };
		970E56AA1E0BD761008012F3 /* Assets.xcassets in Resources */ = {isa = PBXBuildFile; fileRef = 970E56A91E0BD761008012F3 /* Assets.xcassets */; };
		970E56AD1E0BD761008012F3 /* LaunchScreen.storyboard in Resources */ = {isa = PBXBuildFile; fileRef = 970E56AB1E0BD761008012F3 /* LaunchScreen.storyboard */; };
		970E56B81E0BD761008012F3 /* Play1Tests.swift in Sources */ = {isa = PBXBuildFile; fileRef = 970E56B71E0BD761008012F3 /* Play1Tests.swift */; };
		970E56C31E0BD761008012F3 /* Play1UITests.swift in Sources */ = {isa = PBXBuildFile; fileRef = 970E56C21E0BD761008012F3 /* Play1UITests.swift */; };
/* End PBXBuildFile section */

/* Begin PBXContainerItemProxy section */
		970E56B41E0BD761008012F3 /* PBXContainerItemProxy */ = {
			isa = PBXContainerItemProxy;
			containerPortal = 970E56921E0BD75D008012F3 /* Project object */;
			proxyType = 1;
			remoteGlobalIDString = 970E56991E0BD75D008012F3;
			remoteInfo = Play1;
		};
		970E56BF1E0BD761008012F3 /* PBXContainerItemProxy */ = {
			isa = PBXContainerItemProxy;
			containerPortal = 970E56921E0BD75D008012F3 /* Project object */;
			proxyType = 1;
			remoteGlobalIDString = 970E56991E0BD75D008012F3;
			remoteInfo = Play1;
		};
/* End PBXContainerItemProxy section */

/* Begin PBXFileReference section */
		970E569A1E0BD760008012F3 /* Play1.app */ = {isa = PBXFileReference; explicitFileType = wrapper.application; includeInIndex = 0; path = Play1.app; sourceTree = BUILT_PRODUCTS_DIR; };
		970E569D1E0BD760008012F3 /* AppDelegate.swift */ = {isa = PBXFileReference; lastKnownFileType = sourcecode.swift; path = AppDelegate.swift; sourceTree = "<group>"; };
		970E56A01E0BD760008012F3 /* Play1.xcdatamodel */ = {isa = PBXFileReference; lastKnownFileType = wrapper.xcdatamodel; path = Play1.xcdatamodel; sourceTree = "<group>"; };
		970E56A21E0BD760008012F3 /* MasterViewController.swift */ = {isa = PBXFileReference; lastKnownFileType = sourcecode.swift; path = MasterViewController.swift; sourceTree = "<group>"; };
		970E56A41E0BD760008012F3 /* DetailViewController.swift */ = {isa = PBXFileReference; lastKnownFileType = sourcecode.swift; path = DetailViewController.swift; sourceTree = "<group>"; };
		970E56A71E0BD761008012F3 /* Base */ = {isa = PBXFileReference; lastKnownFileType = file.storyboard; name = Base; path = Base.lproj/Main.storyboard; sourceTree = "<group>"; };
		970E56A91E0BD761008012F3 /* Assets.xcassets */ = {isa = PBXFileReference; lastKnownFileType = folder.assetcatalog; path = Assets.xcassets; sourceTree = "<group>"; };
		970E56AC1E0BD761008012F3 /* Base */ = {isa = PBXFileReference; lastKnownFileType = file.storyboard; name = Base; path = Base.lproj/LaunchScreen.storyboard; sourceTree = "<group>"; };
		970E56AE1E0BD761008012F3 /* Info.plist */ = {isa = PBXFileReference; lastKnownFileType = text.plist.xml; path = Info.plist; sourceTree = "<group>"; };
		970E56B31E0BD761008012F3 /* Play1Tests.xctest */ = {isa = PBXFileReference; explicitFileType = wrapper.cfbundle; includeInIndex = 0; path = Play1Tests.xctest; sourceTree = BUILT_PRODUCTS_DIR; };
		970E56B71E0BD761008012F3 /* Play1Tests.swift */ = {isa = PBXFileReference; lastKnownFileType = sourcecode.swift; path = Play1Tests.swift; sourceTree = "<group>"; };
		970E56B91E0BD761008012F3 /* Info.plist */ = {isa = PBXFileReference; lastKnownFileType = text.plist.xml; path = Info.plist; sourceTree = "<group>"; };
		970E56BE1E0BD761008012F3 /* Play1UITests.xctest */ = {isa = PBXFileReference; explicitFileType = wrapper.cfbundle; includeInIndex = 0; path = Play1UITests.xctest; sourceTree = BUILT_PRODUCTS_DIR; };
		970E56C21E0BD761008012F3 /* Play1UITests.swift */ = {isa = PBXFileReference; lastKnownFileType = sourcecode.swift; path = Play1UITests.swift; sourceTree = "<group>"; };
		970E56C41E0BD761008012F3 /* Info.plist */ = {isa = PBXFileReference; lastKnownFileType = text.plist.xml; path = Info.plist; sourceTree = "<group>"; };
/* End PBXFileReference section */

/* Begin PBXFrameworksBuildPhase section */
		970E56971E0BD75D008012F3 /* Frameworks */ = {
			isa = PBXFrameworksBuildPhase;
			buildActionMask = 2147483647;
			files = (
			);
			runOnlyForDeploymentPostprocessing = 0;
		};
		970E56B01E0BD761008012F3 /* Frameworks */ = {
			isa = PBXFrameworksBuildPhase;
			buildActionMask = 2147483647;
			files = (
			);
			runOnlyForDeploymentPostprocessing = 0;
		};
		970E56BB1E0BD761008012F3 /* Frameworks */ = {
			isa = PBXFrameworksBuildPhase;
			buildActionMask = 2147483647;
			files = (
			);
			runOnlyForDeploymentPostprocessing = 0;
		};
/* End PBXFrameworksBuildPhase section */

/* Begin PBXGroup section */
		970E56911E0BD75D008012F3 = {
			isa = PBXGroup;
			children = (
				970E569C1E0BD760008012F3 /* Play1 */,
				970E56B61E0BD761008012F3 /* Play1Tests */,
				970E56C11E0BD761008012F3 /* Play1UITests */,
				970E569B1E0BD760008012F3 /* Products */,
			);
			sourceTree = "<group>";
		};
		970E569B1E0BD760008012F3 /* Products */ = {
			isa = PBXGroup;
			children = (
				970E569A1E0BD760008012F3 /* Play1.app */,
				970E56B31E0BD761008012F3 /* Play1Tests.xctest */,
				970E56BE1E0BD761008012F3 /* Play1UITests.xctest */,
			);
			name = Products;
			sourceTree = "<group>";
		};
		970E569C1E0BD760008012F3 /* Play1 */ = {
			isa = PBXGroup;
			children = (
				970E569D1E0BD760008012F3 /* AppDelegate.swift */,
				970E56A21E0BD760008012F3 /* MasterViewController.swift */,
				970E56A41E0BD760008012F3 /* DetailViewController.swift */,
				970E56A61E0BD761008012F3 /* Main.storyboard */,
				970E56A91E0BD761008012F3 /* Assets.xcassets */,
				970E56AB1E0BD761008012F3 /* LaunchScreen.storyboard */,
				970E56AE1E0BD761008012F3 /* Info.plist */,
				970E569F1E0BD760008012F3 /* Play1.xcdatamodeld */,
			);
			path = Play1;
			sourceTree = "<group>";
		};
		970E56B61E0BD761008012F3 /* Play1Tests */ = {
			isa = PBXGroup;
			children = (
				970E56B71E0BD761008012F3 /* Play1Tests.swift */,
				970E56B91E0BD761008012F3 /* Info.plist */,
			);
			path = Play1Tests;
			sourceTree = "<group>";
		};
		970E56C11E0BD761008012F3 /* Play1UITests */ = {
			isa = PBXGroup;
			children = (
				970E56C21E0BD761008012F3 /* Play1UITests.swift */,
				970E56C41E0BD761008012F3 /* Info.plist */,
			);
			path = Play1UITests;
			sourceTree = "<group>";
		};
/* End PBXGroup section */

/* Begin PBXNativeTarget section */
		970E56991E0BD75D008012F3 /* Play1 */ = {
			isa = PBXNativeTarget;
			buildConfigurationList = 970E56C71E0BD761008012F3 /* Build configuration list for PBXNativeTarget "Play1" */;
			buildPhases = (
				970E56961E0BD75D008012F3 /* Sources */,
				970E56971E0BD75D008012F3 /* Frameworks */,
				970E56981E0BD75D008012F3 /* Resources */,
			);
			buildRules = (
			);
			dependencies = (
			);
			name = Play1;
			productName = Play1;
			productReference = 970E569A1E0BD760008012F3 /* Play1.app */;
			productType = "com.apple.product-type.application";
		};
		970E56B21E0BD761008012F3 /* Play1Tests */ = {
			isa = PBXNativeTarget;
			buildConfigurationList = 970E56CA1E0BD761008012F3 /* Build configuration list for PBXNativeTarget "Play1Tests" */;
			buildPhases = (
				970E56AF1E0BD761008012F3 /* Sources */,
				970E56B01E0BD761008012F3 /* Frameworks */,
				970E56B11E0BD761008012F3 /* Resources */,
			);
			buildRules = (
			);
			dependencies = (
				970E56B51E0BD761008012F3 /* PBXTargetDependency */,
			);
			name = Play1Tests;
			productName = Play1Tests;
			productReference = 970E56B31E0BD761008012F3 /* Play1Tests.xctest */;
			productType = "com.apple.product-type.bundle.unit-test";
		};
		970E56BD1E0BD761008012F3 /* Play1UITests */ = {
			isa = PBXNativeTarget;
			buildConfigurationList = 970E56CD1E0BD761008012F3 /* Build configuration list for PBXNativeTarget "Play1UITests" */;
			buildPhases = (
				970E56BA1E0BD761008012F3 /* Sources */,
				970E56BB1E0BD761008012F3 /* Frameworks */,
				970E56BC1E0BD761008012F3 /* Resources */,
			);
			buildRules = (
			);
			dependencies = (
				970E56C01E0BD761008012F3 /* PBXTargetDependency */,
			);
			name = Play1UITests;
			productName = Play1UITests;
			productReference = 970E56BE1E0BD761008012F3 /* Play1UITests.xctest */;
			productType = "com.apple.product-type.bundle.ui-testing";
		};
/* End PBXNativeTarget section */

/* Begin PBXProject section */
		970E56921E0BD75D008012F3 /* Project object */ = {
			isa = PBXProject;
			attributes = {
				LastSwiftUpdateCheck = 0800;
				LastUpgradeCheck = 0800;
				ORGANIZATIONNAME = Keukey;
				TargetAttributes = {
					970E56991E0BD75D008012F3 = {
						CreatedOnToolsVersion = 8.0;
						DevelopmentTeam = CLK73XQTQE;
						ProvisioningStyle = Automatic;
					};
					970E56B21E0BD761008012F3 = {
						CreatedOnToolsVersion = 8.0;
						ProvisioningStyle = Automatic;
						TestTargetID = 970E56991E0BD75D008012F3;
					};
					970E56BD1E0BD761008012F3 = {
						CreatedOnToolsVersion = 8.0;
						ProvisioningStyle = Automatic;
						TestTargetID = 970E56991E0BD75D008012F3;
					};
				};
			};
			buildConfigurationList = 970E56951E0BD75D008012F3 /* Build configuration list for PBXProject "Play1" */;
			compatibilityVersion = "Xcode 3.2";
			developmentRegion = English;
			hasScannedForEncodings = 0;
			knownRegions = (
				en,
				Base,
			);
			mainGroup = 970E56911E0BD75D008012F3;
			productRefGroup = 970E569B1E0BD760008012F3 /* Products */;
			projectDirPath = "";
			projectRoot = "";
			targets = (
				970E56991E0BD75D008012F3 /* Play1 */,
				970E56B21E0BD761008012F3 /* Play1Tests */,
				970E56BD1E0BD761008012F3 /* Play1UITests */,
			);
		};
/* End PBXProject section */

/* Begin PBXResourcesBuildPhase section */
		970E56981E0BD75D008012F3 /* Resources */ = {
			isa = PBXResourcesBuildPhase;
			buildActionMask = 2147483647;
			files = (
				970E56AD1E0BD761008012F3 /* LaunchScreen.storyboard in Resources */,
				970E56AA1E0BD761008012F3 /* Assets.xcassets in Resources */,
				970E56A81E0BD761008012F3 /* Main.storyboard in Resources */,
			);
			runOnlyForDeploymentPostprocessing = 0;
		};
		970E56B11E0BD761008012F3 /* Resources */ = {
			isa = PBXResourcesBuildPhase;
			buildActionMask = 2147483647;
			files = (
			);
			runOnlyForDeploymentPostprocessing = 0;
		};
		970E56BC1E0BD761008012F3 /* Resources */ = {
			isa = PBXResourcesBuildPhase;
			buildActionMask = 2147483647;
			files = (
			);
			runOnlyForDeploymentPostprocessing = 0;
		};
/* End PBXResourcesBuildPhase section */

/* Begin PBXSourcesBuildPhase section */
		970E56961E0BD75D008012F3 /* Sources */ = {
			isa = PBXSourcesBuildPhase;
			buildActionMask = 2147483647;
			files = (
				970E569E1E0BD760008012F3 /* AppDelegate.swift in Sources */,
				970E56A11E0BD760008012F3 /* Play1.xcdatamodeld in Sources */,
				970E56A31E0BD760008012F3 /* MasterViewController.swift in Sources */,
				970E56A51E0BD760008012F3 /* DetailViewController.swift in Sources */,
			);
			runOnlyForDeploymentPostprocessing = 0;
		};
		970E56AF1E0BD761008012F3 /* Sources */ = {
			isa = PBXSourcesBuildPhase;
			buildActionMask = 2147483647;
			files = (
				970E56B81E0BD761008012F3 /* Play1Tests.swift in Sources */,
			);
			runOnlyForDeploymentPostprocessing = 0;
		};
		970E56BA1E0BD761008012F3 /* Sources */ = {
			isa = PBXSourcesBuildPhase;
			buildActionMask = 2147483647;
			files = (
				970E56C31E0BD761008012F3 /* Play1UITests.swift in Sources */,
			);
			runOnlyForDeploymentPostprocessing = 0;
		};
/* End PBXSourcesBuildPhase section */

/* Begin PBXTargetDependency section */
		970E56B51E0BD761008012F3 /* PBXTargetDependency */ = {
			isa = PBXTargetDependency;
			target = 970E56991E0BD75D008012F3 /* Play1 */;
			targetProxy = 970E56B41E0BD761008012F3 /* PBXContainerItemProxy */;
		};
		970E56C01E0BD761008012F3 /* PBXTargetDependency */ = {
			isa = PBXTargetDependency;
			target = 970E56991E0BD75D008012F3 /* Play1 */;
			targetProxy = 970E56BF1E0BD761008012F3 /* PBXContainerItemProxy */;
		};
/* End PBXTargetDependency section */

/* Begin PBXVariantGroup section */
		970E56A61E0BD761008012F3 /* Main.storyboard */ = {
			isa = PBXVariantGroup;
			children = (
				970E56A71E0BD761008012F3 /* Base */,
			);
			name = Main.storyboard;
			sourceTree = "<group>";
		};
		970E56AB1E0BD761008012F3 /* LaunchScreen.storyboard */ = {
			isa = PBXVariantGroup;
			children = (
				970E56AC1E0BD761008012F3 /* Base */,
			);
			name = LaunchScreen.storyboard;
			sourceTree = "<group>";
		};
/* End PBXVariantGroup section */

/* Begin XCBuildConfiguration section */
		970E56C51E0BD761008012F3 /* Debug */ = {
			isa = XCBuildConfiguration;
			buildSettings = {
				ALWAYS_SEARCH_USER_PATHS = NO;
				CLANG_ANALYZER_NONNULL = YES;
				CLANG_CXX_LANGUAGE_STANDARD = "gnu++0x";
				CLANG_CXX_LIBRARY = "libc++";
				CLANG_ENABLE_MODULES = YES;
				CLANG_ENABLE_OBJC_ARC = YES;
				CLANG_WARN_BOOL_CONVERSION = YES;
				CLANG_WARN_CONSTANT_CONVERSION = YES;
				CLANG_WARN_DIRECT_OBJC_ISA_USAGE = YES_ERROR;
				CLANG_WARN_DOCUMENTATION_COMMENTS = YES;
				CLANG_WARN_EMPTY_BODY = YES;
				CLANG_WARN_ENUM_CONVERSION = YES;
				CLANG_WARN_INFINITE_RECURSION = YES;
				CLANG_WARN_INT_CONVERSION = YES;
				CLANG_WARN_OBJC_ROOT_CLASS = YES_ERROR;
				CLANG_WARN_SUSPICIOUS_MOVES = YES;
				CLANG_WARN_UNREACHABLE_CODE = YES;
				CLANG_WARN__DUPLICATE_METHOD_MATCH = YES;
				"CODE_SIGN_IDENTITY[sdk=iphoneos*]" = "iPhone Developer";
				COPY_PHASE_STRIP = NO;
				DEBUG_INFORMATION_FORMAT = dwarf;
				ENABLE_STRICT_OBJC_MSGSEND = YES;
				ENABLE_TESTABILITY = YES;
				GCC_C_LANGUAGE_STANDARD = gnu99;
				GCC_DYNAMIC_NO_PIC = NO;
				GCC_NO_COMMON_BLOCKS = YES;
				GCC_OPTIMIZATION_LEVEL = 0;
				GCC_PREPROCESSOR_DEFINITIONS = (
					"DEBUG=1",
					"$(inherited)",
				);
				GCC_WARN_64_TO_32_BIT_CONVERSION = YES;
				GCC_WARN_ABOUT_RETURN_TYPE = YES_ERROR;
				GCC_WARN_UNDECLARED_SELECTOR = YES;
				GCC_WARN_UNINITIALIZED_AUTOS = YES_AGGRESSIVE;
				GCC_WARN_UNUSED_FUNCTION = YES;
				GCC_WARN_UNUSED_VARIABLE = YES;
				IPHONEOS_DEPLOYMENT_TARGET = 10.0;
				MTL_ENABLE_DEBUG_INFO = YES;
				ONLY_ACTIVE_ARCH = YES;
				SDKROOT = iphoneos;
				SWIFT_ACTIVE_COMPILATION_CONDITIONS = DEBUG;
				SWIFT_OPTIMIZATION_LEVEL = "-Onone";
				TARGETED_DEVICE_FAMILY = "1,2";
			};
			name = Debug;
		};
		970E56C61E0BD761008012F3 /* Release */ = {
			isa = XCBuildConfiguration;
			buildSettings = {
				ALWAYS_SEARCH_USER_PATHS = NO;
				CLANG_ANALYZER_NONNULL = YES;
				CLANG_CXX_LANGUAGE_STANDARD = "gnu++0x";
				CLANG_CXX_LIBRARY = "libc++";
				CLANG_ENABLE_MODULES = YES;
				CLANG_ENABLE_OBJC_ARC = YES;
				CLANG_WARN_BOOL_CONVERSION = YES;
				CLANG_WARN_CONSTANT_CONVERSION = YES;
				CLANG_WARN_DIRECT_OBJC_ISA_USAGE = YES_ERROR;
				CLANG_WARN_DOCUMENTATION_COMMENTS = YES;
				CLANG_WARN_EMPTY_BODY = YES;
				CLANG_WARN_ENUM_CONVERSION = YES;
				CLANG_WARN_INFINITE_RECURSION = YES;
				CLANG_WARN_INT_CONVERSION = YES;
				CLANG_WARN_OBJC_ROOT_CLASS = YES_ERROR;
				CLANG_WARN_SUSPICIOUS_MOVES = YES;
				CLANG_WARN_UNREACHABLE_CODE = YES;
				CLANG_WARN__DUPLICATE_METHOD_MATCH = YES;
				"CODE_SIGN_IDENTITY[sdk=iphoneos*]" = "iPhone Developer";
				COPY_PHASE_STRIP = NO;
				DEBUG_INFORMATION_FORMAT = "dwarf-with-dsym";
				ENABLE_NS_ASSERTIONS = NO;
				ENABLE_STRICT_OBJC_MSGSEND = YES;
				GCC_C_LANGUAGE_STANDARD = gnu99;
				GCC_NO_COMMON_BLOCKS = YES;
				GCC_WARN_64_TO_32_BIT_CONVERSION = YES;
				GCC_WARN_ABOUT_RETURN_TYPE = YES_ERROR;
				GCC_WARN_UNDECLARED_SELECTOR = YES;
				GCC_WARN_UNINITIALIZED_AUTOS = YES_AGGRESSIVE;
				GCC_WARN_UNUSED_FUNCTION = YES;
				GCC_WARN_UNUSED_VARIABLE = YES;
				IPHONEOS_DEPLOYMENT_TARGET = 10.0;
				MTL_ENABLE_DEBUG_INFO = NO;
				SDKROOT = iphoneos;
				SWIFT_OPTIMIZATION_LEVEL = "-Owholemodule";
				TARGETED_DEVICE_FAMILY = "1,2";
				VALIDATE_PRODUCT = YES;
			};
			name = Release;
		};
		970E56C81E0BD761008012F3 /* Debug */ = {
			isa = XCBuildConfiguration;
			buildSettings = {
				ASSETCATALOG_COMPILER_APPICON_NAME = AppIcon;
				ASSETCATALOG_COMPILER_LAUNCHIMAGE_NAME = LaunchImage;
				DEVELOPMENT_TEAM = CLK73XQTQE;
				INFOPLIST_FILE = Play1/Info.plist;
				LD_RUNPATH_SEARCH_PATHS = "$(inherited) @executable_path/Frameworks";
				PRODUCT_BUNDLE_IDENTIFIER = com.keukey.Play1;
				PRODUCT_NAME = "$(TARGET_NAME)";
				SWIFT_VERSION = 3.0;
			};
			name = Debug;
		};
		970E56C91E0BD761008012F3 /* Release */ = {
			isa = XCBuildConfiguration;
			buildSettings = {
				ASSETCATALOG_COMPILER_APPICON_NAME = AppIcon;
				ASSETCATALOG_COMPILER_LAUNCHIMAGE_NAME = LaunchImage;
				DEVELOPMENT_TEAM = CLK73XQTQE;
				INFOPLIST_FILE = Play1/Info.plist;
				LD_RUNPATH_SEARCH_PATHS = "$(inherited) @executable_path/Frameworks";
				PRODUCT_BUNDLE_IDENTIFIER = com.keukey.Play1;
				PRODUCT_NAME = "$(TARGET_NAME)";
				SWIFT_VERSION = 3.0;
			};
			name = Release;
		};
		970E56CB1E0BD761008012F3 /* Debug */ = {
			isa = XCBuildConfiguration;
			buildSettings = {
				ALWAYS_EMBED_SWIFT_STANDARD_LIBRARIES = YES;
				BUNDLE_LOADER = "$(TEST_HOST)";
				INFOPLIST_FILE = Play1Tests/Info.plist;
				LD_RUNPATH_SEARCH_PATHS = "$(inherited) @executable_path/Frameworks @loader_path/Frameworks";
				PRODUCT_BUNDLE_IDENTIFIER = com.keukey.Play1Tests;
				PRODUCT_NAME = "$(TARGET_NAME)";
				SWIFT_VERSION = 3.0;
				TEST_HOST = "$(BUILT_PRODUCTS_DIR)/Play1.app/Play1";
			};
			name = Debug;
		};
		970E56CC1E0BD761008012F3 /* Release */ = {
			isa = XCBuildConfiguration;
			buildSettings = {
				ALWAYS_EMBED_SWIFT_STANDARD_LIBRARIES = YES;
				BUNDLE_LOADER = "$(TEST_HOST)";
				INFOPLIST_FILE = Play1Tests/Info.plist;
				LD_RUNPATH_SEARCH_PATHS = "$(inherited) @executable_path/Frameworks @loader_path/Frameworks";
				PRODUCT_BUNDLE_IDENTIFIER = com.keukey.Play1Tests;
				PRODUCT_NAME = "$(TARGET_NAME)";
				SWIFT_VERSION = 3.0;
				TEST_HOST = "$(BUILT_PRODUCTS_DIR)/Play1.app/Play1";
			};
			name = Release;
		};
		970E56CE1E0BD761008012F3 /* Debug */ = {
			isa = XCBuildConfiguration;
			buildSettings = {
				ALWAYS_EMBED_SWIFT_STANDARD_LIBRARIES = YES;
				INFOPLIST_FILE = Play1UITests/Info.plist;
				LD_RUNPATH_SEARCH_PATHS = "$(inherited) @executable_path/Frameworks @loader_path/Frameworks";
				PRODUCT_BUNDLE_IDENTIFIER = com.keukey.Play1UITests;
				PRODUCT_NAME = "$(TARGET_NAME)";
				SWIFT_VERSION = 3.0;
				TEST_TARGET_NAME = Play1;
			};
			name = Debug;
		};
		970E56CF1E0BD761008012F3 /* Release */ = {
			isa = XCBuildConfiguration;
			buildSettings = {
				ALWAYS_EMBED_SWIFT_STANDARD_LIBRARIES = YES;
				INFOPLIST_FILE = Play1UITests/Info.plist;
				LD_RUNPATH_SEARCH_PATHS = "$(inherited) @executable_path/Frameworks @loader_path/Frameworks";
				PRODUCT_BUNDLE_IDENTIFIER = com.keukey.Play1UITests;
				PRODUCT_NAME = "$(TARGET_NAME)";
				SWIFT_VERSION = 3.0;
				TEST_TARGET_NAME = Play1;
			};
			name = Release;
		};
/* End XCBuildConfiguration section */

/* Begin XCConfigurationList section */
		970E56951E0BD75D008012F3 /* Build configuration list for PBXProject "Play1" */ = {
			isa = XCConfigurationList;
			buildConfigurations = (
				970E56C51E0BD761008012F3 /* Debug */,
				970E56C61E0BD761008012F3 /* Release */,
			);
			defaultConfigurationIsVisible = 0;
			defaultConfigurationName = Release;
		};
		970E56C71E0BD761008012F3 /* Build configuration list for PBXNativeTarget "Play1" */ = {
			isa = XCConfigurationList;
			buildConfigurations = (
				970E56C81E0BD761008012F3 /* Debug */,
				970E56C91E0BD761008012F3 /* Release */,
			);
			defaultConfigurationIsVisible = 0;
			defaultConfigurationName = Release;
		};
		970E56CA1E0BD761008012F3 /* Build configuration list for PBXNativeTarget "Play1Tests" */ = {
			isa = XCConfigurationList;
			buildConfigurations = (
				970E56CB1E0BD761008012F3 /* Debug */,
				970E56CC1E0BD761008012F3 /* Release */,
			);
			defaultConfigurationIsVisible = 0;
			defaultConfigurationName = Release;
		};
		970E56CD1E0BD761008012F3 /* Build configuration list for PBXNativeTarget "Play1UITests" */ = {
			isa = XCConfigurationList;
			buildConfigurations = (
				970E56CE1E0BD761008012F3 /* Debug */,
				970E56CF1E0BD761008012F3 /* Release */,
			);
			defaultConfigurationIsVisible = 0;
			defaultConfigurationName = Release;
		};
/* End XCConfigurationList section */

/* Begin XCVersionGroup section */
		970E569F1E0BD760008012F3 /* Play1.xcdatamodeld */ = {
			isa = XCVersionGroup;
			children = (
				970E56A01E0BD760008012F3 /* Play1.xcdatamodel */,
			);
			currentVersion = 970E56A01E0BD760008012F3 /* Play1.xcdatamodel */;
			path = Play1.xcdatamodeld;
			sourceTree = "<group>";
			versionGroupType = wrapper.xcdatamodel;
		};
/* End XCVersionGroup section */
	};
	rootObject = 970E56921E0BD75D008012F3 /* Project object */;
}
